
Microsoft Visual Studio Solution File, Format Version 12.00
# Visual Studio Version 17
VisualStudioVersion = 17.10.35027.167
MinimumVisualStudioVersion = 10.0.40219.1
Project("{FAE04EC0-301F-11D3-BF4B-00C04F79EFBC}") = "MethodOverriding", "MethodOverriding\MethodOverriding.csproj", "{C07BCA6F-1E78-4265-AD9C-8E820022DD2C}"
EndProject
Project("{FAE04EC0-301F-11D3-BF4B-00C04F79EFBC}") = "AbstractClasses", "AbstractClasses\AbstractClasses.csproj", "{565DCAA7-8C46-446A-8441-E1ACBCB2EED9}"
EndProject
Project("{FAE04EC0-301F-11D3-BF4B-00C04F79EFBC}") = "Exercise1and2", "Exercise1and2\Exercise1and2.csproj", "{4EEC33DC-A4D8-450F-909A-42FD6B007B00}"
EndProject
Global
	GlobalSection(SolutionConfigurationPlatforms) = preSolution
		Debug|Any CPU = Debug|Any CPU
		Release|Any CPU = Release|Any CPU
	EndGlobalSection
	GlobalSection(ProjectConfigurationPlatforms) = postSolution
		{C07BCA6F-1E78-4265-AD9C-8E820022DD2C}.Debug|Any CPU.ActiveCfg = Debug|Any CPU
		{C07BCA6F-1E78-4265-AD9C-8E820022DD2C}.Debug|Any CPU.Build.0 = Debug|Any CPU
		{C07BCA6F-1E78-4265-AD9C-8E820022DD2C}.Release|Any CPU.ActiveCfg = Release|Any CPU
		{C07BCA6F-1E78-4265-AD9C-8E820022DD2C}.Release|Any CPU.Build.0 = Release|Any CPU
		{565DCAA7-8C46-446A-8441-E1ACBCB2EED9}.Debug|Any CPU.ActiveCfg = Debug|Any CPU
		{565DCAA7-8C46-446A-8441-E1ACBCB2EED9}.Debug|Any CPU.Build.0 = Debug|Any CPU
		{565DCAA7-8C46-446A-8441-E1ACBCB2EED9}.Release|Any CPU.ActiveCfg = Release|Any CPU
		{565DCAA7-8C46-446A-8441-E1ACBCB2EED9}.Release|Any CPU.Build.0 = Release|Any CPU
		{4EEC33DC-A4D8-450F-909A-42FD6B007B00}.Debug|Any CPU.ActiveCfg = Debug|Any CPU
		{4EEC33DC-A4D8-450F-909A-42FD6B007B00}.Debug|Any CPU.Build.0 = Debug|Any CPU
		{4EEC33DC-A4D8-450F-909A-42FD6B007B00}.Release|Any CPU.ActiveCfg = Release|Any CPU
		{4EEC33DC-A4D8-450F-909A-42FD6B007B00}.Release|Any CPU.Build.0 = Release|Any CPU
	EndGlobalSection
	GlobalSection(SolutionProperties) = preSolution
		HideSolutionNode = FALSE
	EndGlobalSection
	GlobalSection(ExtensibilityGlobals) = postSolution
		SolutionGuid = {4194396C-CF45-4320-B2C9-C075961B94B9}
	EndGlobalSection
EndGlobal
