
Microsoft Visual Studio Solution File, Format Version 12.00
# Visual Studio Version 17
VisualStudioVersion = 17.10.35027.167
MinimumVisualStudioVersion = 10.0.40219.1
Project("{FAE04EC0-301F-11D3-BF4B-00C04F79EFBC}") = "UnitTests", "UnitTests\UnitTests.csproj", "{12D0DEF6-DA8A-45D8-BF67-D5B5B3D6F2C7}"
EndProject
Project("{FAE04EC0-301F-11D3-BF4B-00C04F79EFBC}") = "Extensibility", "Extensibility\Extensibility.csproj", "{AF8A92E8-DFB8-452E-AB28-4F8B8216ACEE}"
EndProject
Project("{FAE04EC0-301F-11D3-BF4B-00C04F79EFBC}") = "InterfacesPolymorphism", "InterfacesPolymorphism\InterfacesPolymorphism.csproj", "{8E082999-83F6-4C38-811A-17624DB54A64}"
EndProject
Project("{FAE04EC0-301F-11D3-BF4B-00C04F79EFBC}") = "Exercise", "Exercise\Exercise.csproj", "{FF9003A5-EB93-4FC9-813C-84103BE0E38A}"
EndProject
Project("{FAE04EC0-301F-11D3-BF4B-00C04F79EFBC}") = "InterfacesIntro", "InterfacesIntro\InterfacesIntro.csproj", "{45087B98-B486-4781-B498-5897ECBA7AA6}"
EndProject
Global
	GlobalSection(SolutionConfigurationPlatforms) = preSolution
		Debug|Any CPU = Debug|Any CPU
		Release|Any CPU = Release|Any CPU
	EndGlobalSection
	GlobalSection(ProjectConfigurationPlatforms) = postSolution
		{12D0DEF6-DA8A-45D8-BF67-D5B5B3D6F2C7}.Debug|Any CPU.ActiveCfg = Debug|Any CPU
		{12D0DEF6-DA8A-45D8-BF67-D5B5B3D6F2C7}.Debug|Any CPU.Build.0 = Debug|Any CPU
		{12D0DEF6-DA8A-45D8-BF67-D5B5B3D6F2C7}.Release|Any CPU.ActiveCfg = Release|Any CPU
		{12D0DEF6-DA8A-45D8-BF67-D5B5B3D6F2C7}.Release|Any CPU.Build.0 = Release|Any CPU
		{AF8A92E8-DFB8-452E-AB28-4F8B8216ACEE}.Debug|Any CPU.ActiveCfg = Debug|Any CPU
		{AF8A92E8-DFB8-452E-AB28-4F8B8216ACEE}.Debug|Any CPU.Build.0 = Debug|Any CPU
		{AF8A92E8-DFB8-452E-AB28-4F8B8216ACEE}.Release|Any CPU.ActiveCfg = Release|Any CPU
		{AF8A92E8-DFB8-452E-AB28-4F8B8216ACEE}.Release|Any CPU.Build.0 = Release|Any CPU
		{8E082999-83F6-4C38-811A-17624DB54A64}.Debug|Any CPU.ActiveCfg = Debug|Any CPU
		{8E082999-83F6-4C38-811A-17624DB54A64}.Debug|Any CPU.Build.0 = Debug|Any CPU
		{8E082999-83F6-4C38-811A-17624DB54A64}.Release|Any CPU.ActiveCfg = Release|Any CPU
		{8E082999-83F6-4C38-811A-17624DB54A64}.Release|Any CPU.Build.0 = Release|Any CPU
		{FF9003A5-EB93-4FC9-813C-84103BE0E38A}.Debug|Any CPU.ActiveCfg = Debug|Any CPU
		{FF9003A5-EB93-4FC9-813C-84103BE0E38A}.Debug|Any CPU.Build.0 = Debug|Any CPU
		{FF9003A5-EB93-4FC9-813C-84103BE0E38A}.Release|Any CPU.ActiveCfg = Release|Any CPU
		{FF9003A5-EB93-4FC9-813C-84103BE0E38A}.Release|Any CPU.Build.0 = Release|Any CPU
		{45087B98-B486-4781-B498-5897ECBA7AA6}.Debug|Any CPU.ActiveCfg = Debug|Any CPU
		{45087B98-B486-4781-B498-5897ECBA7AA6}.Debug|Any CPU.Build.0 = Debug|Any CPU
		{45087B98-B486-4781-B498-5897ECBA7AA6}.Release|Any CPU.ActiveCfg = Release|Any CPU
		{45087B98-B486-4781-B498-5897ECBA7AA6}.Release|Any CPU.Build.0 = Release|Any CPU
	EndGlobalSection
	GlobalSection(SolutionProperties) = preSolution
		HideSolutionNode = FALSE
	EndGlobalSection
	GlobalSection(ExtensibilityGlobals) = postSolution
		SolutionGuid = {46DE7988-5DAD-4887-B75C-076E6B31DB09}
	EndGlobalSection
EndGlobal
